// !$*UTF8*$!
{
	archiveVersion = 1;
	classes = {
	};
	objectVersion = 56;
	objects = {

/* Begin PBXBuildFile section */
		AE0F712E2BE3852900E40244 /* AppDelegate.swift in Sources */ = {isa = PBXBuildFile; fileRef = AE0F712D2BE3852900E40244 /* AppDelegate.swift */; };
		AE0F71302BE3852900E40244 /* SceneDelegate.swift in Sources */ = {isa = PBXBuildFile; fileRef = AE0F712F2BE3852900E40244 /* SceneDelegate.swift */; };
		AE0F71322BE3852900E40244 /* ViewController.swift in Sources */ = {isa = PBXBuildFile; fileRef = AE0F71312BE3852900E40244 /* ViewController.swift */; };
		AE0F71352BE3852900E40244 /* Main.storyboard in Resources */ = {isa = PBXBuildFile; fileRef = AE0F71332BE3852900E40244 /* Main.storyboard */; };
		AE0F71372BE3852A00E40244 /* Assets.xcassets in Resources */ = {isa = PBXBuildFile; fileRef = AE0F71362BE3852A00E40244 /* Assets.xcassets */; };
		AE0F713A2BE3852A00E40244 /* LaunchScreen.storyboard in Resources */ = {isa = PBXBuildFile; fileRef = AE0F71382BE3852A00E40244 /* LaunchScreen.storyboard */; };
		AE0F71422BE3866000E40244 /* TabbarController.swift in Sources */ = {isa = PBXBuildFile; fileRef = AE0F71412BE3866000E40244 /* TabbarController.swift */; };
		AE4D24BB2BE4999B00731C80 /* TableViewCell.swift in Sources */ = {isa = PBXBuildFile; fileRef = AE4D24BA2BE4999B00731C80 /* TableViewCell.swift */; };
		AE4D24BD2BE61F2300731C80 /* AddProfileViewController.swift in Sources */ = {isa = PBXBuildFile; fileRef = AE4D24BC2BE61F2300731C80 /* AddProfileViewController.swift */; };
		AE521DD82BE73B4D005759DF /* MyProfileViewController.swift in Sources */ = {isa = PBXBuildFile; fileRef = AE521DD72BE73B4D005759DF /* MyProfileViewController.swift */; };
		AE521DDA2BE76970005759DF /* SecondViewController.swift in Sources */ = {isa = PBXBuildFile; fileRef = AE521DD92BE76970005759DF /* SecondViewController.swift */; };
		AEB430682BE8A38E00D70B14 /* CalendarAddViewController.swift in Sources */ = {isa = PBXBuildFile; fileRef = AEB430672BE8A38E00D70B14 /* CalendarAddViewController.swift */; };
		AEB4306A2BE8EC2A00D70B14 /* ScheduleListViewController.swift in Sources */ = {isa = PBXBuildFile; fileRef = AEB430692BE8EC2A00D70B14 /* ScheduleListViewController.swift */; };
		AEB4306C2BE8EDD500D70B14 /* SchListTableViewCell.swift in Sources */ = {isa = PBXBuildFile; fileRef = AEB4306B2BE8EDD500D70B14 /* SchListTableViewCell.swift */; };
		D46E91B2DB9DCE29CE161DC4 /* Pods_StudyDiary.framework in Frameworks */ = {isa = PBXBuildFile; fileRef = 9C54BBB43C2193E6548B71BC /* Pods_StudyDiary.framework */; };
/* End PBXBuildFile section */

/* Begin PBXFileReference section */
		848EA328FEAFC73F242F0B3D /* Pods-StudyDiary.release.xcconfig */ = {isa = PBXFileReference; includeInIndex = 1; lastKnownFileType = text.xcconfig; name = "Pods-StudyDiary.release.xcconfig"; path = "Target Support Files/Pods-StudyDiary/Pods-StudyDiary.release.xcconfig"; sourceTree = "<group>"; };
		9C54BBB43C2193E6548B71BC /* Pods_StudyDiary.framework */ = {isa = PBXFileReference; explicitFileType = wrapper.framework; includeInIndex = 0; path = Pods_StudyDiary.framework; sourceTree = BUILT_PRODUCTS_DIR; };
		AE0F712A2BE3852900E40244 /* StudyDiary.app */ = {isa = PBXFileReference; explicitFileType = wrapper.application; includeInIndex = 0; path = StudyDiary.app; sourceTree = BUILT_PRODUCTS_DIR; };
		AE0F712D2BE3852900E40244 /* AppDelegate.swift */ = {isa = PBXFileReference; lastKnownFileType = sourcecode.swift; path = AppDelegate.swift; sourceTree = "<group>"; };
		AE0F712F2BE3852900E40244 /* SceneDelegate.swift */ = {isa = PBXFileReference; lastKnownFileType = sourcecode.swift; path = SceneDelegate.swift; sourceTree = "<group>"; };
		AE0F71312BE3852900E40244 /* ViewController.swift */ = {isa = PBXFileReference; lastKnownFileType = sourcecode.swift; path = ViewController.swift; sourceTree = "<group>"; };
		AE0F71342BE3852900E40244 /* Base */ = {isa = PBXFileReference; lastKnownFileType = file.storyboard; name = Base; path = Base.lproj/Main.storyboard; sourceTree = "<group>"; };
		AE0F71362BE3852A00E40244 /* Assets.xcassets */ = {isa = PBXFileReference; lastKnownFileType = folder.assetcatalog; path = Assets.xcassets; sourceTree = "<group>"; };
		AE0F71392BE3852A00E40244 /* Base */ = {isa = PBXFileReference; lastKnownFileType = file.storyboard; name = Base; path = Base.lproj/LaunchScreen.storyboard; sourceTree = "<group>"; };
		AE0F713B2BE3852A00E40244 /* Info.plist */ = {isa = PBXFileReference; lastKnownFileType = text.plist.xml; path = Info.plist; sourceTree = "<group>"; };
		AE0F71412BE3866000E40244 /* TabbarController.swift */ = {isa = PBXFileReference; lastKnownFileType = sourcecode.swift; path = TabbarController.swift; sourceTree = "<group>"; };
		AE4D24BA2BE4999B00731C80 /* TableViewCell.swift */ = {isa = PBXFileReference; lastKnownFileType = sourcecode.swift; path = TableViewCell.swift; sourceTree = "<group>"; };
		AE4D24BC2BE61F2300731C80 /* AddProfileViewController.swift */ = {isa = PBXFileReference; lastKnownFileType = sourcecode.swift; path = AddProfileViewController.swift; sourceTree = "<group>"; };
		AE521DD72BE73B4D005759DF /* MyProfileViewController.swift */ = {isa = PBXFileReference; lastKnownFileType = sourcecode.swift; path = MyProfileViewController.swift; sourceTree = "<group>"; };
		AE521DD92BE76970005759DF /* SecondViewController.swift */ = {isa = PBXFileReference; lastKnownFileType = sourcecode.swift; path = SecondViewController.swift; sourceTree = "<group>"; };
		AEB430672BE8A38E00D70B14 /* CalendarAddViewController.swift */ = {isa = PBXFileReference; lastKnownFileType = sourcecode.swift; path = CalendarAddViewController.swift; sourceTree = "<group>"; };
		AEB430692BE8EC2A00D70B14 /* ScheduleListViewController.swift */ = {isa = PBXFileReference; lastKnownFileType = sourcecode.swift; path = ScheduleListViewController.swift; sourceTree = "<group>"; };
		AEB4306B2BE8EDD500D70B14 /* SchListTableViewCell.swift */ = {isa = PBXFileReference; lastKnownFileType = sourcecode.swift; path = SchListTableViewCell.swift; sourceTree = "<group>"; };
		F71BAFD56F41E112CA76091B /* Pods-StudyDiary.debug.xcconfig */ = {isa = PBXFileReference; includeInIndex = 1; lastKnownFileType = text.xcconfig; name = "Pods-StudyDiary.debug.xcconfig"; path = "Target Support Files/Pods-StudyDiary/Pods-StudyDiary.debug.xcconfig"; sourceTree = "<group>"; };
/* End PBXFileReference section */

/* Begin PBXFrameworksBuildPhase section */
		AE0F71272BE3852900E40244 /* Frameworks */ = {
			isa = PBXFrameworksBuildPhase;
			buildActionMask = 2147483647;
			files = (
				D46E91B2DB9DCE29CE161DC4 /* Pods_StudyDiary.framework in Frameworks */,
			);
			runOnlyForDeploymentPostprocessing = 0;
		};
/* End PBXFrameworksBuildPhase section */

/* Begin PBXGroup section */
		42D24DF0091D7E77C0DEC774 /* Pods */ = {
			isa = PBXGroup;
			children = (
				F71BAFD56F41E112CA76091B /* Pods-StudyDiary.debug.xcconfig */,
				848EA328FEAFC73F242F0B3D /* Pods-StudyDiary.release.xcconfig */,
			);
			path = Pods;
			sourceTree = "<group>";
		};
		8F49DB3736DE869375F78BCE /* Frameworks */ = {
			isa = PBXGroup;
			children = (
				9C54BBB43C2193E6548B71BC /* Pods_StudyDiary.framework */,
			);
			name = Frameworks;
			sourceTree = "<group>";
		};
		AE0F71212BE3852900E40244 = {
			isa = PBXGroup;
			children = (
				AEB4306B2BE8EDD500D70B14 /* SchListTableViewCell.swift */,
				AEB430692BE8EC2A00D70B14 /* ScheduleListViewController.swift */,
				AE0F712C2BE3852900E40244 /* StudyDiary */,
				AE0F712B2BE3852900E40244 /* Products */,
				42D24DF0091D7E77C0DEC774 /* Pods */,
				8F49DB3736DE869375F78BCE /* Frameworks */,
			);
			sourceTree = "<group>";
		};
		AE0F712B2BE3852900E40244 /* Products */ = {
			isa = PBXGroup;
			children = (
				AE0F712A2BE3852900E40244 /* StudyDiary.app */,
			);
			name = Products;
			sourceTree = "<group>";
		};
		AE0F712C2BE3852900E40244 /* StudyDiary */ = {
			isa = PBXGroup;
			children = (
				AE0F712D2BE3852900E40244 /* AppDelegate.swift */,
				AE0F712F2BE3852900E40244 /* SceneDelegate.swift */,
				AE0F71312BE3852900E40244 /* ViewController.swift */,
				AE521DD92BE76970005759DF /* SecondViewController.swift */,
				AE0F71332BE3852900E40244 /* Main.storyboard */,
				AE4D24BA2BE4999B00731C80 /* TableViewCell.swift */,
				AE0F71362BE3852A00E40244 /* Assets.xcassets */,
				AE0F71382BE3852A00E40244 /* LaunchScreen.storyboard */,
				AE0F713B2BE3852A00E40244 /* Info.plist */,
				AE0F71412BE3866000E40244 /* TabbarController.swift */,
				AE4D24BC2BE61F2300731C80 /* AddProfileViewController.swift */,
				AE521DD72BE73B4D005759DF /* MyProfileViewController.swift */,
				AEB430672BE8A38E00D70B14 /* CalendarAddViewController.swift */,
			);
			path = StudyDiary;
			sourceTree = "<group>";
		};
/* End PBXGroup section */

/* Begin PBXNativeTarget section */
		AE0F71292BE3852900E40244 /* StudyDiary */ = {
			isa = PBXNativeTarget;
			buildConfigurationList = AE0F713E2BE3852A00E40244 /* Build configuration list for PBXNativeTarget "StudyDiary" */;
			buildPhases = (
				873751EA53ED9AC829E1700E /* [CP] Check Pods Manifest.lock */,
				AE0F71262BE3852900E40244 /* Sources */,
				AE0F71272BE3852900E40244 /* Frameworks */,
				AE0F71282BE3852900E40244 /* Resources */,
				868591F3E062344A3A339ABC /* [CP] Embed Pods Frameworks */,
			);
			buildRules = (
			);
			dependencies = (
			);
			name = StudyDiary;
			productName = StudyDiary;
			productReference = AE0F712A2BE3852900E40244 /* StudyDiary.app */;
			productType = "com.apple.product-type.application";
		};
/* End PBXNativeTarget section */

/* Begin PBXProject section */
		AE0F71222BE3852900E40244 /* Project object */ = {
			isa = PBXProject;
			attributes = {
				BuildIndependentTargetsInParallel = 1;
				LastSwiftUpdateCheck = 1430;
				LastUpgradeCheck = 1430;
				TargetAttributes = {
					AE0F71292BE3852900E40244 = {
						CreatedOnToolsVersion = 14.3.1;
					};
				};
			};
			buildConfigurationList = AE0F71252BE3852900E40244 /* Build configuration list for PBXProject "StudyDiary" */;
			compatibilityVersion = "Xcode 14.0";
			developmentRegion = en;
			hasScannedForEncodings = 0;
			knownRegions = (
				en,
				Base,
			);
			mainGroup = AE0F71212BE3852900E40244;
			productRefGroup = AE0F712B2BE3852900E40244 /* Products */;
			projectDirPath = "";
			projectRoot = "";
			targets = (
				AE0F71292BE3852900E40244 /* StudyDiary */,
			);
		};
/* End PBXProject section */

/* Begin PBXResourcesBuildPhase section */
		AE0F71282BE3852900E40244 /* Resources */ = {
			isa = PBXResourcesBuildPhase;
			buildActionMask = 2147483647;
			files = (
				AE0F713A2BE3852A00E40244 /* LaunchScreen.storyboard in Resources */,
				AE0F71372BE3852A00E40244 /* Assets.xcassets in Resources */,
				AE0F71352BE3852900E40244 /* Main.storyboard in Resources */,
			);
			runOnlyForDeploymentPostprocessing = 0;
		};
/* End PBXResourcesBuildPhase section */

/* Begin PBXShellScriptBuildPhase section */
		868591F3E062344A3A339ABC /* [CP] Embed Pods Frameworks */ = {
			isa = PBXShellScriptBuildPhase;
			buildActionMask = 2147483647;
			files = (
			);
			inputFileListPaths = (
				"${PODS_ROOT}/Target Support Files/Pods-StudyDiary/Pods-StudyDiary-frameworks-${CONFIGURATION}-input-files.xcfilelist",
			);
			name = "[CP] Embed Pods Frameworks";
			outputFileListPaths = (
				"${PODS_ROOT}/Target Support Files/Pods-StudyDiary/Pods-StudyDiary-frameworks-${CONFIGURATION}-output-files.xcfilelist",
			);
			runOnlyForDeploymentPostprocessing = 0;
			shellPath = /bin/sh;
			shellScript = "\"${PODS_ROOT}/Target Support Files/Pods-StudyDiary/Pods-StudyDiary-frameworks.sh\"\n";
			showEnvVarsInLog = 0;
		};
		873751EA53ED9AC829E1700E /* [CP] Check Pods Manifest.lock */ = {
			isa = PBXShellScriptBuildPhase;
			buildActionMask = 2147483647;
			files = (
			);
			inputFileListPaths = (
			);
			inputPaths = (
				"${PODS_PODFILE_DIR_PATH}/Podfile.lock",
				"${PODS_ROOT}/Manifest.lock",
			);
			name = "[CP] Check Pods Manifest.lock";
			outputFileListPaths = (
			);
			outputPaths = (
				"$(DERIVED_FILE_DIR)/Pods-StudyDiary-checkManifestLockResult.txt",
			);
			runOnlyForDeploymentPostprocessing = 0;
			shellPath = /bin/sh;
			shellScript = "diff \"${PODS_PODFILE_DIR_PATH}/Podfile.lock\" \"${PODS_ROOT}/Manifest.lock\" > /dev/null\nif [ $? != 0 ] ; then\n    # print error to STDERR\n    echo \"error: The sandbox is not in sync with the Podfile.lock. Run 'pod install' or update your CocoaPods installation.\" >&2\n    exit 1\nfi\n# This output is used by Xcode 'outputs' to avoid re-running this script phase.\necho \"SUCCESS\" > \"${SCRIPT_OUTPUT_FILE_0}\"\n";
			showEnvVarsInLog = 0;
		};
/* End PBXShellScriptBuildPhase section */

/* Begin PBXSourcesBuildPhase section */
		AE0F71262BE3852900E40244 /* Sources */ = {
			isa = PBXSourcesBuildPhase;
			buildActionMask = 2147483647;
			files = (
				AE521DDA2BE76970005759DF /* SecondViewController.swift in Sources */,
				AEB4306C2BE8EDD500D70B14 /* SchListTableViewCell.swift in Sources */,
				AE4D24BB2BE4999B00731C80 /* TableViewCell.swift in Sources */,
				AEB430682BE8A38E00D70B14 /* CalendarAddViewController.swift in Sources */,
				AE0F71322BE3852900E40244 /* ViewController.swift in Sources */,
				AE521DD82BE73B4D005759DF /* MyProfileViewController.swift in Sources */,
				AE0F71422BE3866000E40244 /* TabbarController.swift in Sources */,
				AEB4306A2BE8EC2A00D70B14 /* ScheduleListViewController.swift in Sources */,
				AE0F712E2BE3852900E40244 /* AppDelegate.swift in Sources */,
				AE4D24BD2BE61F2300731C80 /* AddProfileViewController.swift in Sources */,
				AE0F71302BE3852900E40244 /* SceneDelegate.swift in Sources */,
			);
			runOnlyForDeploymentPostprocessing = 0;
		};
/* End PBXSourcesBuildPhase section */

/* Begin PBXVariantGroup section */
		AE0F71332BE3852900E40244 /* Main.storyboard */ = {
			isa = PBXVariantGroup;
			children = (
				AE0F71342BE3852900E40244 /* Base */,
			);
			name = Main.storyboard;
			sourceTree = "<group>";
		};
		AE0F71382BE3852A00E40244 /* LaunchScreen.storyboard */ = {
			isa = PBXVariantGroup;
			children = (
				AE0F71392BE3852A00E40244 /* Base */,
			);
			name = LaunchScreen.storyboard;
			sourceTree = "<group>";
		};
/* End PBXVariantGroup section */

/* Begin XCBuildConfiguration section */
		AE0F713C2BE3852A00E40244 /* Debug */ = {
			isa = XCBuildConfiguration;
			buildSettings = {
				ALWAYS_SEARCH_USER_PATHS = NO;
				CLANG_ANALYZER_NONNULL = YES;
				CLANG_ANALYZER_NUMBER_OBJECT_CONVERSION = YES_AGGRESSIVE;
				CLANG_CXX_LANGUAGE_STANDARD = "gnu++20";
				CLANG_ENABLE_MODULES = YES;
				CLANG_ENABLE_OBJC_ARC = YES;
				CLANG_ENABLE_OBJC_WEAK = YES;
				CLANG_WARN_BLOCK_CAPTURE_AUTORELEASING = YES;
				CLANG_WARN_BOOL_CONVERSION = YES;
				CLANG_WARN_COMMA = YES;
				CLANG_WARN_CONSTANT_CONVERSION = YES;
				CLANG_WARN_DEPRECATED_OBJC_IMPLEMENTATIONS = YES;
				CLANG_WARN_DIRECT_OBJC_ISA_USAGE = YES_ERROR;
				CLANG_WARN_DOCUMENTATION_COMMENTS = YES;
				CLANG_WARN_EMPTY_BODY = YES;
				CLANG_WARN_ENUM_CONVERSION = YES;
				CLANG_WARN_INFINITE_RECURSION = YES;
				CLANG_WARN_INT_CONVERSION = YES;
				CLANG_WARN_NON_LITERAL_NULL_CONVERSION = YES;
				CLANG_WARN_OBJC_IMPLICIT_RETAIN_SELF = YES;
				CLANG_WARN_OBJC_LITERAL_CONVERSION = YES;
				CLANG_WARN_OBJC_ROOT_CLASS = YES_ERROR;
				CLANG_WARN_QUOTED_INCLUDE_IN_FRAMEWORK_HEADER = YES;
				CLANG_WARN_RANGE_LOOP_ANALYSIS = YES;
				CLANG_WARN_STRICT_PROTOTYPES = YES;
				CLANG_WARN_SUSPICIOUS_MOVE = YES;
				CLANG_WARN_UNGUARDED_AVAILABILITY = YES_AGGRESSIVE;
				CLANG_WARN_UNREACHABLE_CODE = YES;
				CLANG_WARN__DUPLICATE_METHOD_MATCH = YES;
				COPY_PHASE_STRIP = NO;
				DEBUG_INFORMATION_FORMAT = dwarf;
				ENABLE_STRICT_OBJC_MSGSEND = YES;
				ENABLE_TESTABILITY = YES;
				GCC_C_LANGUAGE_STANDARD = gnu11;
				GCC_DYNAMIC_NO_PIC = NO;
				GCC_NO_COMMON_BLOCKS = YES;
				GCC_OPTIMIZATION_LEVEL = 0;
				GCC_PREPROCESSOR_DEFINITIONS = (
					"DEBUG=1",
					"$(inherited)",
				);
				GCC_WARN_64_TO_32_BIT_CONVERSION = YES;
				GCC_WARN_ABOUT_RETURN_TYPE = YES_ERROR;
				GCC_WARN_UNDECLARED_SELECTOR = YES;
				GCC_WARN_UNINITIALIZED_AUTOS = YES_AGGRESSIVE;
				GCC_WARN_UNUSED_FUNCTION = YES;
				GCC_WARN_UNUSED_VARIABLE = YES;
				IPHONEOS_DEPLOYMENT_TARGET = 16.4;
				MTL_ENABLE_DEBUG_INFO = INCLUDE_SOURCE;
				MTL_FAST_MATH = YES;
				ONLY_ACTIVE_ARCH = YES;
				SDKROOT = iphoneos;
				SWIFT_ACTIVE_COMPILATION_CONDITIONS = DEBUG;
				SWIFT_OPTIMIZATION_LEVEL = "-Onone";
			};
			name = Debug;
		};
		AE0F713D2BE3852A00E40244 /* Release */ = {
			isa = XCBuildConfiguration;
			buildSettings = {
				ALWAYS_SEARCH_USER_PATHS = NO;
				CLANG_ANALYZER_NONNULL = YES;
				CLANG_ANALYZER_NUMBER_OBJECT_CONVERSION = YES_AGGRESSIVE;
				CLANG_CXX_LANGUAGE_STANDARD = "gnu++20";
				CLANG_ENABLE_MODULES = YES;
				CLANG_ENABLE_OBJC_ARC = YES;
				CLANG_ENABLE_OBJC_WEAK = YES;
				CLANG_WARN_BLOCK_CAPTURE_AUTORELEASING = YES;
				CLANG_WARN_BOOL_CONVERSION = YES;
				CLANG_WARN_COMMA = YES;
				CLANG_WARN_CONSTANT_CONVERSION = YES;
				CLANG_WARN_DEPRECATED_OBJC_IMPLEMENTATIONS = YES;
				CLANG_WARN_DIRECT_OBJC_ISA_USAGE = YES_ERROR;
				CLANG_WARN_DOCUMENTATION_COMMENTS = YES;
				CLANG_WARN_EMPTY_BODY = YES;
				CLANG_WARN_ENUM_CONVERSION = YES;
				CLANG_WARN_INFINITE_RECURSION = YES;
				CLANG_WARN_INT_CONVERSION = YES;
				CLANG_WARN_NON_LITERAL_NULL_CONVERSION = YES;
				CLANG_WARN_OBJC_IMPLICIT_RETAIN_SELF = YES;
				CLANG_WARN_OBJC_LITERAL_CONVERSION = YES;
				CLANG_WARN_OBJC_ROOT_CLASS = YES_ERROR;
				CLANG_WARN_QUOTED_INCLUDE_IN_FRAMEWORK_HEADER = YES;
				CLANG_WARN_RANGE_LOOP_ANALYSIS = YES;
				CLANG_WARN_STRICT_PROTOTYPES = YES;
				CLANG_WARN_SUSPICIOUS_MOVE = YES;
				CLANG_WARN_UNGUARDED_AVAILABILITY = YES_AGGRESSIVE;
				CLANG_WARN_UNREACHABLE_CODE = YES;
				CLANG_WARN__DUPLICATE_METHOD_MATCH = YES;
				COPY_PHASE_STRIP = NO;
				DEBUG_INFORMATION_FORMAT = "dwarf-with-dsym";
				ENABLE_NS_ASSERTIONS = NO;
				ENABLE_STRICT_OBJC_MSGSEND = YES;
				GCC_C_LANGUAGE_STANDARD = gnu11;
				GCC_NO_COMMON_BLOCKS = YES;
				GCC_WARN_64_TO_32_BIT_CONVERSION = YES;
				GCC_WARN_ABOUT_RETURN_TYPE = YES_ERROR;
				GCC_WARN_UNDECLARED_SELECTOR = YES;
				GCC_WARN_UNINITIALIZED_AUTOS = YES_AGGRESSIVE;
				GCC_WARN_UNUSED_FUNCTION = YES;
				GCC_WARN_UNUSED_VARIABLE = YES;
				IPHONEOS_DEPLOYMENT_TARGET = 16.4;
				MTL_ENABLE_DEBUG_INFO = NO;
				MTL_FAST_MATH = YES;
				SDKROOT = iphoneos;
				SWIFT_COMPILATION_MODE = wholemodule;
				SWIFT_OPTIMIZATION_LEVEL = "-O";
				VALIDATE_PRODUCT = YES;
			};
			name = Release;
		};
		AE0F713F2BE3852A00E40244 /* Debug */ = {
			isa = XCBuildConfiguration;
			baseConfigurationReference = F71BAFD56F41E112CA76091B /* Pods-StudyDiary.debug.xcconfig */;
			buildSettings = {
				ASSETCATALOG_COMPILER_APPICON_NAME = AppIcon;
				ASSETCATALOG_COMPILER_GLOBAL_ACCENT_COLOR_NAME = AccentColor;
				CODE_SIGN_STYLE = Automatic;
				CURRENT_PROJECT_VERSION = 1;
				DEVELOPMENT_TEAM = W5SLC8L5FS;
				GENERATE_INFOPLIST_FILE = YES;
				INFOPLIST_FILE = StudyDiary/Info.plist;
				INFOPLIST_KEY_UIApplicationSupportsIndirectInputEvents = YES;
				INFOPLIST_KEY_UILaunchStoryboardName = LaunchScreen;
				INFOPLIST_KEY_UIMainStoryboardFile = Main;
				INFOPLIST_KEY_UISupportedInterfaceOrientations_iPad = "UIInterfaceOrientationPortrait UIInterfaceOrientationPortraitUpsideDown UIInterfaceOrientationLandscapeLeft UIInterfaceOrientationLandscapeRight";
				INFOPLIST_KEY_UISupportedInterfaceOrientations_iPhone = "UIInterfaceOrientationPortrait UIInterfaceOrientationLandscapeLeft UIInterfaceOrientationLandscapeRight";
				IPHONEOS_DEPLOYMENT_TARGET = 13.0;
				LD_RUNPATH_SEARCH_PATHS = (
					"$(inherited)",
					"@executable_path/Frameworks",
				);
				MARKETING_VERSION = 1.0;
				PRODUCT_BUNDLE_IDENTIFIER = com.Eren.StudyDiary;
				PRODUCT_NAME = "$(TARGET_NAME)";
				SUPPORTED_PLATFORMS = "iphoneos iphonesimulator";
				SUPPORTS_MACCATALYST = NO;
				SUPPORTS_MAC_DESIGNED_FOR_IPHONE_IPAD = NO;
				SWIFT_EMIT_LOC_STRINGS = YES;
				SWIFT_VERSION = 5.0;
				TARGETED_DEVICE_FAMILY = 1;
			};
			name = Debug;
		};
		AE0F71402BE3852A00E40244 /* Release */ = {
			isa = XCBuildConfiguration;
			baseConfigurationReference = 848EA328FEAFC73F242F0B3D /* Pods-StudyDiary.release.xcconfig */;
			buildSettings = {
				ASSETCATALOG_COMPILER_APPICON_NAME = AppIcon;
				ASSETCATALOG_COMPILER_GLOBAL_ACCENT_COLOR_NAME = AccentColor;
				CODE_SIGN_STYLE = Automatic;
				CURRENT_PROJECT_VERSION = 1;
				DEVELOPMENT_TEAM = W5SLC8L5FS;
				GENERATE_INFOPLIST_FILE = YES;
				INFOPLIST_FILE = StudyDiary/Info.plist;
				INFOPLIST_KEY_UIApplicationSupportsIndirectInputEvents = YES;
				INFOPLIST_KEY_UILaunchStoryboardName = LaunchScreen;
				INFOPLIST_KEY_UIMainStoryboardFile = Main;
				INFOPLIST_KEY_UISupportedInterfaceOrientations_iPad = "UIInterfaceOrientationPortrait UIInterfaceOrientationPortraitUpsideDown UIInterfaceOrientationLandscapeLeft UIInterfaceOrientationLandscapeRight";
				INFOPLIST_KEY_UISupportedInterfaceOrientations_iPhone = "UIInterfaceOrientationPortrait UIInterfaceOrientationLandscapeLeft UIInterfaceOrientationLandscapeRight";
				IPHONEOS_DEPLOYMENT_TARGET = 13.0;
				LD_RUNPATH_SEARCH_PATHS = (
					"$(inherited)",
					"@executable_path/Frameworks",
				);
				MARKETING_VERSION = 1.0;
				PRODUCT_BUNDLE_IDENTIFIER = com.Eren.StudyDiary;
				PRODUCT_NAME = "$(TARGET_NAME)";
				SUPPORTED_PLATFORMS = "iphoneos iphonesimulator";
				SUPPORTS_MACCATALYST = NO;
				SUPPORTS_MAC_DESIGNED_FOR_IPHONE_IPAD = NO;
				SWIFT_EMIT_LOC_STRINGS = YES;
				SWIFT_VERSION = 5.0;
				TARGETED_DEVICE_FAMILY = 1;
			};
			name = Release;
		};
/* End XCBuildConfiguration section */

/* Begin XCConfigurationList section */
		AE0F71252BE3852900E40244 /* Build configuration list for PBXProject "StudyDiary" */ = {
			isa = XCConfigurationList;
			buildConfigurations = (
				AE0F713C2BE3852A00E40244 /* Debug */,
				AE0F713D2BE3852A00E40244 /* Release */,
			);
			defaultConfigurationIsVisible = 0;
			defaultConfigurationName = Release;
		};
		AE0F713E2BE3852A00E40244 /* Build configuration list for PBXNativeTarget "StudyDiary" */ = {
			isa = XCConfigurationList;
			buildConfigurations = (
				AE0F713F2BE3852A00E40244 /* Debug */,
				AE0F71402BE3852A00E40244 /* Release */,
			);
			defaultConfigurationIsVisible = 0;
			defaultConfigurationName = Release;
		};
/* End XCConfigurationList section */
	};
	rootObject = AE0F71222BE3852900E40244 /* Project object */;
}
